
Microsoft Visual Studio Solution File, Format Version 12.00
# Visual Studio Version 16
VisualStudioVersion = 16.0.31025.194
MinimumVisualStudioVersion = 10.0.40219.1
Project("{FAE04EC0-301F-11D3-BF4B-00C04F79EFBC}") = "TestsAdelMobileBack", "TestsAdelMobileBack.csproj", "{05E41CBC-9757-4980-960E-FFA70C68E6FB}"
EndProject
Global
	GlobalSection(SolutionConfigurationPlatforms) = preSolution
		Debug|Any CPU = Debug|Any CPU
		Release|Any CPU = Release|Any CPU
	EndGlobalSection
	GlobalSection(ProjectConfigurationPlatforms) = postSolution
		{05E41CBC-9757-4980-960E-FFA70C68E6FB}.Debug|Any CPU.ActiveCfg = Debug|Any CPU
		{05E41CBC-9757-4980-960E-FFA70C68E6FB}.Debug|Any CPU.Build.0 = Debug|Any CPU
		{05E41CBC-9757-4980-960E-FFA70C68E6FB}.Release|Any CPU.ActiveCfg = Release|Any CPU
		{05E41CBC-9757-4980-960E-FFA70C68E6FB}.Release|Any CPU.Build.0 = Release|Any CPU
	EndGlobalSection
	GlobalSection(SolutionProperties) = preSolution
		HideSolutionNode = FALSE
	EndGlobalSection
	GlobalSection(ExtensibilityGlobals) = postSolution
		SolutionGuid = {E47F4D2F-5027-4EEE-9B51-47ED61E5FDBA}
	EndGlobalSection
EndGlobal
